
Microsoft Visual Studio Solution File, Format Version 12.00
# Visual Studio Version 16
VisualStudioVersion = 16.0.30002.166
MinimumVisualStudioVersion = 10.0.40219.1
Project("{FAE04EC0-301F-11D3-BF4B-00C04F79EFBC}") = "TriviaApi", "TriviaApi\TriviaApi.csproj", "{69188333-9AC0-49DE-A1EF-492B386A24B2}"
EndProject
Project("{FAE04EC0-301F-11D3-BF4B-00C04F79EFBC}") = "Infrastructure", "Infrastructure\Infrastructure.csproj", "{A844BB2F-27E7-4583-A7EC-E27540D8B4F2}"
EndProject
Global
	GlobalSection(SolutionConfigurationPlatforms) = preSolution
		Debug|Any CPU = Debug|Any CPU
		Release|Any CPU = Release|Any CPU
	EndGlobalSection
	GlobalSection(ProjectConfigurationPlatforms) = postSolution
		{69188333-9AC0-49DE-A1EF-492B386A24B2}.Debug|Any CPU.ActiveCfg = Debug|Any CPU
		{69188333-9AC0-49DE-A1EF-492B386A24B2}.Debug|Any CPU.Build.0 = Debug|Any CPU
		{69188333-9AC0-49DE-A1EF-492B386A24B2}.Release|Any CPU.ActiveCfg = Release|Any CPU
		{69188333-9AC0-49DE-A1EF-492B386A24B2}.Release|Any CPU.Build.0 = Release|Any CPU
		{A844BB2F-27E7-4583-A7EC-E27540D8B4F2}.Debug|Any CPU.ActiveCfg = Debug|Any CPU
		{A844BB2F-27E7-4583-A7EC-E27540D8B4F2}.Debug|Any CPU.Build.0 = Debug|Any CPU
		{A844BB2F-27E7-4583-A7EC-E27540D8B4F2}.Release|Any CPU.ActiveCfg = Release|Any CPU
		{A844BB2F-27E7-4583-A7EC-E27540D8B4F2}.Release|Any CPU.Build.0 = Release|Any CPU
	EndGlobalSection
	GlobalSection(SolutionProperties) = preSolution
		HideSolutionNode = FALSE
	EndGlobalSection
	GlobalSection(ExtensibilityGlobals) = postSolution
		SolutionGuid = {058EDE6C-FC54-47B0-8D1C-03C162C90295}
	EndGlobalSection
EndGlobal
